// !$*UTF8*$!
{
	archiveVersion = 1;
	classes = {
	};
	objectVersion = 55;
	objects = {

/* Begin PBXBuildFile section */
		E962C30529AA1DBB0032A3BA /* main.cpp in Sources */ = {isa = PBXBuildFile; fileRef = E962C30429AA1DBB0032A3BA /* main.cpp */; };
		E962C31829AA2D440032A3BA /* libglfw.3.3.dylib in Frameworks */ = {isa = PBXBuildFile; fileRef = E962C31729AA2D440032A3BA /* libglfw.3.3.dylib */; };
		E962C31929AA2D520032A3BA /* libglfw.3.3.dylib in CopyFiles */ = {isa = PBXBuildFile; fileRef = E962C31729AA2D440032A3BA /* libglfw.3.3.dylib */; };
		E962C31D29AA2D750032A3BA /* libvulkan.1.dylib in Frameworks */ = {isa = PBXBuildFile; fileRef = E962C31C29AA2D750032A3BA /* libvulkan.1.dylib */; };
		E962C31E29AA2D7B0032A3BA /* libvulkan.1.dylib in CopyFiles */ = {isa = PBXBuildFile; fileRef = E962C31C29AA2D750032A3BA /* libvulkan.1.dylib */; };
		E962C32429AA2EB10032A3BA /* libvulkan.1.3.239.dylib in Frameworks */ = {isa = PBXBuildFile; fileRef = E962C32329AA2EB10032A3BA /* libvulkan.1.3.239.dylib */; };
		E962C32529AA2EC00032A3BA /* libvulkan.1.3.239.dylib in CopyFiles */ = {isa = PBXBuildFile; fileRef = E962C32329AA2EB10032A3BA /* libvulkan.1.3.239.dylib */; settings = {ATTRIBUTES = (CodeSignOnCopy, ); }; };
/* End PBXBuildFile section */

/* Begin PBXCopyFilesBuildPhase section */
		E962C2FF29AA1DBB0032A3BA /* CopyFiles */ = {
			isa = PBXCopyFilesBuildPhase;
			buildActionMask = 12;
			dstPath = "";
			dstSubfolderSpec = 10;
			files = (
				E962C32529AA2EC00032A3BA /* libvulkan.1.3.239.dylib in CopyFiles */,
				E962C31E29AA2D7B0032A3BA /* libvulkan.1.dylib in CopyFiles */,
				E962C31929AA2D520032A3BA /* libglfw.3.3.dylib in CopyFiles */,
			);
			runOnlyForDeploymentPostprocessing = 0;
		};
/* End PBXCopyFilesBuildPhase section */

/* Begin PBXFileReference section */
		E962C30129AA1DBB0032A3BA /* VulkanTutorial */ = {isa = PBXFileReference; explicitFileType = "compiled.mach-o.executable"; includeInIndex = 0; path = VulkanTutorial; sourceTree = BUILT_PRODUCTS_DIR; };
		E962C30429AA1DBB0032A3BA /* main.cpp */ = {isa = PBXFileReference; lastKnownFileType = sourcecode.cpp.cpp; path = main.cpp; sourceTree = "<group>"; };
		E962C31729AA2D440032A3BA /* libglfw.3.3.dylib */ = {isa = PBXFileReference; lastKnownFileType = "compiled.mach-o.dylib"; name = libglfw.3.3.dylib; path = ../../../../../../usr/local/lib/libglfw.3.3.dylib; sourceTree = "<group>"; };
		E962C31C29AA2D750032A3BA /* libvulkan.1.dylib */ = {isa = PBXFileReference; lastKnownFileType = "compiled.mach-o.dylib"; name = libvulkan.1.dylib; path = ../VulkanSDK/1.3.239.0/macOS/lib/libvulkan.1.dylib; sourceTree = "<group>"; };
		E962C32329AA2EB10032A3BA /* libvulkan.1.3.239.dylib */ = {isa = PBXFileReference; lastKnownFileType = "compiled.mach-o.dylib"; name = libvulkan.1.3.239.dylib; path = ../VulkanSDK/1.3.239.0/macOS/lib/libvulkan.1.3.239.dylib; sourceTree = "<group>"; };
/* End PBXFileReference section */

/* Begin PBXFrameworksBuildPhase section */
		E962C2FE29AA1DBB0032A3BA /* Frameworks */ = {
			isa = PBXFrameworksBuildPhase;
			buildActionMask = 2147483647;
			files = (
				E962C31829AA2D440032A3BA /* libglfw.3.3.dylib in Frameworks */,
				E962C31D29AA2D750032A3BA /* libvulkan.1.dylib in Frameworks */,
				E962C32429AA2EB10032A3BA /* libvulkan.1.3.239.dylib in Frameworks */,
			);
			runOnlyForDeploymentPostprocessing = 0;
		};
/* End PBXFrameworksBuildPhase section */

/* Begin PBXGroup section */
		E962C2F829AA1DBB0032A3BA = {
			isa = PBXGroup;
			children = (
				E962C30329AA1DBB0032A3BA /* VulkanTutorial */,
				E962C30229AA1DBB0032A3BA /* Products */,
				E962C31629AA2D440032A3BA /* Frameworks */,
			);
			sourceTree = "<group>";
		};
		E962C30229AA1DBB0032A3BA /* Products */ = {
			isa = PBXGroup;
			children = (
				E962C30129AA1DBB0032A3BA /* VulkanTutorial */,
			);
			name = Products;
			sourceTree = "<group>";
		};
		E962C30329AA1DBB0032A3BA /* VulkanTutorial */ = {
			isa = PBXGroup;
			children = (
				E962C30429AA1DBB0032A3BA /* main.cpp */,
			);
			path = VulkanTutorial;
			sourceTree = "<group>";
		};
		E962C31629AA2D440032A3BA /* Frameworks */ = {
			isa = PBXGroup;
			children = (
				E962C32329AA2EB10032A3BA /* libvulkan.1.3.239.dylib */,
				E962C31C29AA2D750032A3BA /* libvulkan.1.dylib */,
				E962C31729AA2D440032A3BA /* libglfw.3.3.dylib */,
			);
			name = Frameworks;
			sourceTree = "<group>";
		};
/* End PBXGroup section */

/* Begin PBXNativeTarget section */
		E962C30029AA1DBB0032A3BA /* VulkanTutorial */ = {
			isa = PBXNativeTarget;
			buildConfigurationList = E962C30829AA1DBB0032A3BA /* Build configuration list for PBXNativeTarget "VulkanTutorial" */;
			buildPhases = (
				E962C2FD29AA1DBB0032A3BA /* Sources */,
				E962C2FE29AA1DBB0032A3BA /* Frameworks */,
				E962C2FF29AA1DBB0032A3BA /* CopyFiles */,
			);
			buildRules = (
			);
			dependencies = (
			);
			name = VulkanTutorial;
			productName = VulkanTutorial;
			productReference = E962C30129AA1DBB0032A3BA /* VulkanTutorial */;
			productType = "com.apple.product-type.tool";
		};
/* End PBXNativeTarget section */

/* Begin PBXProject section */
		E962C2F929AA1DBB0032A3BA /* Project object */ = {
			isa = PBXProject;
			attributes = {
				BuildIndependentTargetsInParallel = 1;
				LastUpgradeCheck = 1340;
				TargetAttributes = {
					E962C30029AA1DBB0032A3BA = {
						CreatedOnToolsVersion = 13.4.1;
					};
				};
			};
			buildConfigurationList = E962C2FC29AA1DBB0032A3BA /* Build configuration list for PBXProject "VulkanTutorial" */;
			compatibilityVersion = "Xcode 13.0";
			developmentRegion = en;
			hasScannedForEncodings = 0;
			knownRegions = (
				en,
				Base,
			);
			mainGroup = E962C2F829AA1DBB0032A3BA;
			productRefGroup = E962C30229AA1DBB0032A3BA /* Products */;
			projectDirPath = "";
			projectRoot = "";
			targets = (
				E962C30029AA1DBB0032A3BA /* VulkanTutorial */,
			);
		};
/* End PBXProject section */

/* Begin PBXSourcesBuildPhase section */
		E962C2FD29AA1DBB0032A3BA /* Sources */ = {
			isa = PBXSourcesBuildPhase;
			buildActionMask = 2147483647;
			files = (
				E962C30529AA1DBB0032A3BA /* main.cpp in Sources */,
			);
			runOnlyForDeploymentPostprocessing = 0;
		};
/* End PBXSourcesBuildPhase section */

/* Begin XCBuildConfiguration section */
		E962C30629AA1DBB0032A3BA /* Debug */ = {
			isa = XCBuildConfiguration;
			buildSettings = {
				ALWAYS_SEARCH_USER_PATHS = NO;
				CLANG_ANALYZER_NONNULL = YES;
				CLANG_ANALYZER_NUMBER_OBJECT_CONVERSION = YES_AGGRESSIVE;
				CLANG_CXX_LANGUAGE_STANDARD = "gnu++17";
				CLANG_ENABLE_MODULES = YES;
				CLANG_ENABLE_OBJC_ARC = YES;
				CLANG_ENABLE_OBJC_WEAK = YES;
				CLANG_WARN_BLOCK_CAPTURE_AUTORELEASING = YES;
				CLANG_WARN_BOOL_CONVERSION = YES;
				CLANG_WARN_COMMA = YES;
				CLANG_WARN_CONSTANT_CONVERSION = YES;
				CLANG_WARN_DEPRECATED_OBJC_IMPLEMENTATIONS = YES;
				CLANG_WARN_DIRECT_OBJC_ISA_USAGE = YES_ERROR;
				CLANG_WARN_DOCUMENTATION_COMMENTS = YES;
				CLANG_WARN_EMPTY_BODY = YES;
				CLANG_WARN_ENUM_CONVERSION = YES;
				CLANG_WARN_INFINITE_RECURSION = YES;
				CLANG_WARN_INT_CONVERSION = YES;
				CLANG_WARN_NON_LITERAL_NULL_CONVERSION = YES;
				CLANG_WARN_OBJC_IMPLICIT_RETAIN_SELF = YES;
				CLANG_WARN_OBJC_LITERAL_CONVERSION = YES;
				CLANG_WARN_OBJC_ROOT_CLASS = YES_ERROR;
				CLANG_WARN_QUOTED_INCLUDE_IN_FRAMEWORK_HEADER = YES;
				CLANG_WARN_RANGE_LOOP_ANALYSIS = YES;
				CLANG_WARN_STRICT_PROTOTYPES = YES;
				CLANG_WARN_SUSPICIOUS_MOVE = YES;
				CLANG_WARN_UNGUARDED_AVAILABILITY = YES_AGGRESSIVE;
				CLANG_WARN_UNREACHABLE_CODE = YES;
				CLANG_WARN__DUPLICATE_METHOD_MATCH = YES;
				COPY_PHASE_STRIP = NO;
				DEBUG_INFORMATION_FORMAT = dwarf;
				ENABLE_STRICT_OBJC_MSGSEND = YES;
				ENABLE_TESTABILITY = YES;
				GCC_C_LANGUAGE_STANDARD = gnu11;
				GCC_DYNAMIC_NO_PIC = NO;
				GCC_NO_COMMON_BLOCKS = YES;
				GCC_OPTIMIZATION_LEVEL = 0;
				GCC_PREPROCESSOR_DEFINITIONS = (
					"DEBUG=1",
					"$(inherited)",
				);
				GCC_WARN_64_TO_32_BIT_CONVERSION = YES;
				GCC_WARN_ABOUT_RETURN_TYPE = YES_ERROR;
				GCC_WARN_UNDECLARED_SELECTOR = YES;
				GCC_WARN_UNINITIALIZED_AUTOS = YES_AGGRESSIVE;
				GCC_WARN_UNUSED_FUNCTION = YES;
				GCC_WARN_UNUSED_VARIABLE = YES;
				MACOSX_DEPLOYMENT_TARGET = 12.3;
				MTL_ENABLE_DEBUG_INFO = INCLUDE_SOURCE;
				MTL_FAST_MATH = YES;
				ONLY_ACTIVE_ARCH = YES;
				SDKROOT = macosx;
			};
			name = Debug;
		};
		E962C30729AA1DBB0032A3BA /* Release */ = {
			isa = XCBuildConfiguration;
			buildSettings = {
				ALWAYS_SEARCH_USER_PATHS = NO;
				CLANG_ANALYZER_NONNULL = YES;
				CLANG_ANALYZER_NUMBER_OBJECT_CONVERSION = YES_AGGRESSIVE;
				CLANG_CXX_LANGUAGE_STANDARD = "gnu++17";
				CLANG_ENABLE_MODULES = YES;
				CLANG_ENABLE_OBJC_ARC = YES;
				CLANG_ENABLE_OBJC_WEAK = YES;
				CLANG_WARN_BLOCK_CAPTURE_AUTORELEASING = YES;
				CLANG_WARN_BOOL_CONVERSION = YES;
				CLANG_WARN_COMMA = YES;
				CLANG_WARN_CONSTANT_CONVERSION = YES;
				CLANG_WARN_DEPRECATED_OBJC_IMPLEMENTATIONS = YES;
				CLANG_WARN_DIRECT_OBJC_ISA_USAGE = YES_ERROR;
				CLANG_WARN_DOCUMENTATION_COMMENTS = YES;
				CLANG_WARN_EMPTY_BODY = YES;
				CLANG_WARN_ENUM_CONVERSION = YES;
				CLANG_WARN_INFINITE_RECURSION = YES;
				CLANG_WARN_INT_CONVERSION = YES;
				CLANG_WARN_NON_LITERAL_NULL_CONVERSION = YES;
				CLANG_WARN_OBJC_IMPLICIT_RETAIN_SELF = YES;
				CLANG_WARN_OBJC_LITERAL_CONVERSION = YES;
				CLANG_WARN_OBJC_ROOT_CLASS = YES_ERROR;
				CLANG_WARN_QUOTED_INCLUDE_IN_FRAMEWORK_HEADER = YES;
				CLANG_WARN_RANGE_LOOP_ANALYSIS = YES;
				CLANG_WARN_STRICT_PROTOTYPES = YES;
				CLANG_WARN_SUSPICIOUS_MOVE = YES;
				CLANG_WARN_UNGUARDED_AVAILABILITY = YES_AGGRESSIVE;
				CLANG_WARN_UNREACHABLE_CODE = YES;
				CLANG_WARN__DUPLICATE_METHOD_MATCH = YES;
				COPY_PHASE_STRIP = NO;
				DEBUG_INFORMATION_FORMAT = "dwarf-with-dsym";
				ENABLE_NS_ASSERTIONS = NO;
				ENABLE_STRICT_OBJC_MSGSEND = YES;
				GCC_C_LANGUAGE_STANDARD = gnu11;
				GCC_NO_COMMON_BLOCKS = YES;
				GCC_WARN_64_TO_32_BIT_CONVERSION = YES;
				GCC_WARN_ABOUT_RETURN_TYPE = YES_ERROR;
				GCC_WARN_UNDECLARED_SELECTOR = YES;
				GCC_WARN_UNINITIALIZED_AUTOS = YES_AGGRESSIVE;
				GCC_WARN_UNUSED_FUNCTION = YES;
				GCC_WARN_UNUSED_VARIABLE = YES;
				MACOSX_DEPLOYMENT_TARGET = 12.3;
				MTL_ENABLE_DEBUG_INFO = NO;
				MTL_FAST_MATH = YES;
				SDKROOT = macosx;
			};
			name = Release;
		};
		E962C30929AA1DBB0032A3BA /* Debug */ = {
			isa = XCBuildConfiguration;
			buildSettings = {
				CODE_SIGN_STYLE = Automatic;
				DEVELOPMENT_TEAM = 6QPQL9LNKN;
				HEADER_SEARCH_PATHS = (
					/usr/local/include,
					/Users/shimadatouko/Documents/Study/Vulkan/VulkanSDK/1.3.239.0/macOS/include,
				);
				LIBRARY_SEARCH_PATHS = (
					/usr/local/lib,
					/Users/shimadatouko/Documents/Study/Vulkan/VulkanSDK/1.3.239.0/macOS/lib,
				);
				PRODUCT_NAME = "$(TARGET_NAME)";
			};
			name = Debug;
		};
		E962C30A29AA1DBB0032A3BA /* Release */ = {
			isa = XCBuildConfiguration;
			buildSettings = {
				CODE_SIGN_STYLE = Automatic;
				DEVELOPMENT_TEAM = 6QPQL9LNKN;
				HEADER_SEARCH_PATHS = (
					/usr/local/include,
					/Users/shimadatouko/Documents/Study/Vulkan/VulkanSDK/1.3.239.0/macOS/include,
				);
				LIBRARY_SEARCH_PATHS = (
					/usr/local/lib,
					/Users/shimadatouko/Documents/Study/Vulkan/VulkanSDK/1.3.239.0/macOS/lib,
				);
				PRODUCT_NAME = "$(TARGET_NAME)";
			};
			name = Release;
		};
/* End XCBuildConfiguration section */

/* Begin XCConfigurationList section */
		E962C2FC29AA1DBB0032A3BA /* Build configuration list for PBXProject "VulkanTutorial" */ = {
			isa = XCConfigurationList;
			buildConfigurations = (
				E962C30629AA1DBB0032A3BA /* Debug */,
				E962C30729AA1DBB0032A3BA /* Release */,
			);
			defaultConfigurationIsVisible = 0;
			defaultConfigurationName = Release;
		};
		E962C30829AA1DBB0032A3BA /* Build configuration list for PBXNativeTarget "VulkanTutorial" */ = {
			isa = XCConfigurationList;
			buildConfigurations = (
				E962C30929AA1DBB0032A3BA /* Debug */,
				E962C30A29AA1DBB0032A3BA /* Release */,
			);
			defaultConfigurationIsVisible = 0;
			defaultConfigurationName = Release;
		};
/* End XCConfigurationList section */
	};
	rootObject = E962C2F929AA1DBB0032A3BA /* Project object */;
}
